// !$*UTF8*$!
{
	archiveVersion = 1;
	classes = {
	};
	objectVersion = 50;
	objects = {

/* Begin PBXBuildFile section */
		0449A72821B2B0FA00FA9F60 /* AppDelegate.swift in Sources */ = {isa = PBXBuildFile; fileRef = 0449A72721B2B0FA00FA9F60 /* AppDelegate.swift */; };
		0449A72A21B2B0FA00FA9F60 /* HomeViewController.swift in Sources */ = {isa = PBXBuildFile; fileRef = 0449A72921B2B0FA00FA9F60 /* HomeViewController.swift */; };
		0449A72D21B2B0FA00FA9F60 /* Main.storyboard in Resources */ = {isa = PBXBuildFile; fileRef = 0449A72B21B2B0FA00FA9F60 /* Main.storyboard */; };
		0449A72F21B2B0FF00FA9F60 /* Assets.xcassets in Resources */ = {isa = PBXBuildFile; fileRef = 0449A72E21B2B0FF00FA9F60 /* Assets.xcassets */; };
		0449A73221B2B0FF00FA9F60 /* LaunchScreen.storyboard in Resources */ = {isa = PBXBuildFile; fileRef = 0449A73021B2B0FF00FA9F60 /* LaunchScreen.storyboard */; };
		04568BA421B2C6E300BE02A9 /* api.swift in Sources */ = {isa = PBXBuildFile; fileRef = 04568BA321B2C6E300BE02A9 /* api.swift */; };
		04568BA621B2DCFB00BE02A9 /* imageCell.swift in Sources */ = {isa = PBXBuildFile; fileRef = 04568BA521B2DCFB00BE02A9 /* imageCell.swift */; };
		04568BA821B38D6200BE02A9 /* uploadImageViewController.swift in Sources */ = {isa = PBXBuildFile; fileRef = 04568BA721B38D6200BE02A9 /* uploadImageViewController.swift */; };
		AE87461AB12049CC185901A5 /* Pods_photography.framework in Frameworks */ = {isa = PBXBuildFile; fileRef = 88DE2339A67443DEAD06F3DA /* Pods_photography.framework */; };
/* End PBXBuildFile section */

/* Begin PBXFileReference section */
		0449A72421B2B0FA00FA9F60 /* photography.app */ = {isa = PBXFileReference; explicitFileType = wrapper.application; includeInIndex = 0; path = photography.app; sourceTree = BUILT_PRODUCTS_DIR; };
		0449A72721B2B0FA00FA9F60 /* AppDelegate.swift */ = {isa = PBXFileReference; lastKnownFileType = sourcecode.swift; path = AppDelegate.swift; sourceTree = "<group>"; };
		0449A72921B2B0FA00FA9F60 /* HomeViewController.swift */ = {isa = PBXFileReference; lastKnownFileType = sourcecode.swift; path = HomeViewController.swift; sourceTree = "<group>"; };
		0449A72C21B2B0FA00FA9F60 /* Base */ = {isa = PBXFileReference; lastKnownFileType = file.storyboard; name = Base; path = Base.lproj/Main.storyboard; sourceTree = "<group>"; };
		0449A72E21B2B0FF00FA9F60 /* Assets.xcassets */ = {isa = PBXFileReference; lastKnownFileType = folder.assetcatalog; path = Assets.xcassets; sourceTree = "<group>"; };
		0449A73121B2B0FF00FA9F60 /* Base */ = {isa = PBXFileReference; lastKnownFileType = file.storyboard; name = Base; path = Base.lproj/LaunchScreen.storyboard; sourceTree = "<group>"; };
		0449A73321B2B0FF00FA9F60 /* Info.plist */ = {isa = PBXFileReference; lastKnownFileType = text.plist.xml; path = Info.plist; sourceTree = "<group>"; };
		04568BA321B2C6E300BE02A9 /* api.swift */ = {isa = PBXFileReference; lastKnownFileType = sourcecode.swift; path = api.swift; sourceTree = "<group>"; };
		04568BA521B2DCFB00BE02A9 /* imageCell.swift */ = {isa = PBXFileReference; lastKnownFileType = sourcecode.swift; path = imageCell.swift; sourceTree = "<group>"; };
		04568BA721B38D6200BE02A9 /* uploadImageViewController.swift */ = {isa = PBXFileReference; lastKnownFileType = sourcecode.swift; path = uploadImageViewController.swift; sourceTree = "<group>"; };
		0F04EC784CA9DB42934F0D40 /* Pods-photography.debug.xcconfig */ = {isa = PBXFileReference; includeInIndex = 1; lastKnownFileType = text.xcconfig; name = "Pods-photography.debug.xcconfig"; path = "Pods/Target Support Files/Pods-photography/Pods-photography.debug.xcconfig"; sourceTree = "<group>"; };
		60072BFA69B0E9932AFD664E /* Pods-photography.release.xcconfig */ = {isa = PBXFileReference; includeInIndex = 1; lastKnownFileType = text.xcconfig; name = "Pods-photography.release.xcconfig"; path = "Pods/Target Support Files/Pods-photography/Pods-photography.release.xcconfig"; sourceTree = "<group>"; };
		88DE2339A67443DEAD06F3DA /* Pods_photography.framework */ = {isa = PBXFileReference; explicitFileType = wrapper.framework; includeInIndex = 0; path = Pods_photography.framework; sourceTree = BUILT_PRODUCTS_DIR; };
/* End PBXFileReference section */

/* Begin PBXFrameworksBuildPhase section */
		0449A72121B2B0FA00FA9F60 /* Frameworks */ = {
			isa = PBXFrameworksBuildPhase;
			buildActionMask = 2147483647;
			files = (
				AE87461AB12049CC185901A5 /* Pods_photography.framework in Frameworks */,
			);
			runOnlyForDeploymentPostprocessing = 0;
		};
/* End PBXFrameworksBuildPhase section */

/* Begin PBXGroup section */
		0449A71B21B2B0F900FA9F60 = {
			isa = PBXGroup;
			children = (
				0449A72621B2B0FA00FA9F60 /* photography */,
				0449A72521B2B0FA00FA9F60 /* Products */,
				F885075CA602FB0CCFE3BC9B /* Pods */,
				4540D65E680529FD64FBCA15 /* Frameworks */,
			);
			sourceTree = "<group>";
		};
		0449A72521B2B0FA00FA9F60 /* Products */ = {
			isa = PBXGroup;
			children = (
				0449A72421B2B0FA00FA9F60 /* photography.app */,
			);
			name = Products;
			sourceTree = "<group>";
		};
		0449A72621B2B0FA00FA9F60 /* photography */ = {
			isa = PBXGroup;
			children = (
				0449A72721B2B0FA00FA9F60 /* AppDelegate.swift */,
				04568BA321B2C6E300BE02A9 /* api.swift */,
				0449A72921B2B0FA00FA9F60 /* HomeViewController.swift */,
				04568BA521B2DCFB00BE02A9 /* imageCell.swift */,
				04568BA721B38D6200BE02A9 /* uploadImageViewController.swift */,
				0449A72B21B2B0FA00FA9F60 /* Main.storyboard */,
				0449A72E21B2B0FF00FA9F60 /* Assets.xcassets */,
				0449A73021B2B0FF00FA9F60 /* LaunchScreen.storyboard */,
				0449A73321B2B0FF00FA9F60 /* Info.plist */,
			);
			path = photography;
			sourceTree = "<group>";
		};
		4540D65E680529FD64FBCA15 /* Frameworks */ = {
			isa = PBXGroup;
			children = (
				88DE2339A67443DEAD06F3DA /* Pods_photography.framework */,
			);
			name = Frameworks;
			sourceTree = "<group>";
		};
		F885075CA602FB0CCFE3BC9B /* Pods */ = {
			isa = PBXGroup;
			children = (
				0F04EC784CA9DB42934F0D40 /* Pods-photography.debug.xcconfig */,
				60072BFA69B0E9932AFD664E /* Pods-photography.release.xcconfig */,
			);
			name = Pods;
			sourceTree = "<group>";
		};
/* End PBXGroup section */

/* Begin PBXNativeTarget section */
		0449A72321B2B0FA00FA9F60 /* photography */ = {
			isa = PBXNativeTarget;
			buildConfigurationList = 0449A73621B2B0FF00FA9F60 /* Build configuration list for PBXNativeTarget "photography" */;
			buildPhases = (
				EFA69E43AC75EFCE43EA22C6 /* [CP] Check Pods Manifest.lock */,
				0449A72021B2B0FA00FA9F60 /* Sources */,
				0449A72121B2B0FA00FA9F60 /* Frameworks */,
				0449A72221B2B0FA00FA9F60 /* Resources */,
				89633258E27CFD79BDC9D14F /* [CP] Embed Pods Frameworks */,
			);
			buildRules = (
			);
			dependencies = (
			);
			name = photography;
			productName = photography;
			productReference = 0449A72421B2B0FA00FA9F60 /* photography.app */;
			productType = "com.apple.product-type.application";
		};
/* End PBXNativeTarget section */

/* Begin PBXProject section */
		0449A71C21B2B0F900FA9F60 /* Project object */ = {
			isa = PBXProject;
			attributes = {
				LastSwiftUpdateCheck = 0940;
				LastUpgradeCheck = 0940;
				ORGANIZATIONNAME = MAC;
				TargetAttributes = {
					0449A72321B2B0FA00FA9F60 = {
						CreatedOnToolsVersion = 9.4.1;
					};
				};
			};
			buildConfigurationList = 0449A71F21B2B0F900FA9F60 /* Build configuration list for PBXProject "photography" */;
			compatibilityVersion = "Xcode 9.3";
			developmentRegion = en;
			hasScannedForEncodings = 0;
			knownRegions = (
				en,
				Base,
			);
			mainGroup = 0449A71B21B2B0F900FA9F60;
			productRefGroup = 0449A72521B2B0FA00FA9F60 /* Products */;
			projectDirPath = "";
			projectRoot = "";
			targets = (
				0449A72321B2B0FA00FA9F60 /* photography */,
			);
		};
/* End PBXProject section */

/* Begin PBXResourcesBuildPhase section */
		0449A72221B2B0FA00FA9F60 /* Resources */ = {
			isa = PBXResourcesBuildPhase;
			buildActionMask = 2147483647;
			files = (
				0449A73221B2B0FF00FA9F60 /* LaunchScreen.storyboard in Resources */,
				0449A72F21B2B0FF00FA9F60 /* Assets.xcassets in Resources */,
				0449A72D21B2B0FA00FA9F60 /* Main.storyboard in Resources */,
			);
			runOnlyForDeploymentPostprocessing = 0;
		};
/* End PBXResourcesBuildPhase section */

/* Begin PBXShellScriptBuildPhase section */
		89633258E27CFD79BDC9D14F /* [CP] Embed Pods Frameworks */ = {
			isa = PBXShellScriptBuildPhase;
			buildActionMask = 2147483647;
			files = (
			);
			inputPaths = (
				"${SRCROOT}/Pods/Target Support Files/Pods-photography/Pods-photography-frameworks.sh",
				"${BUILT_PRODUCTS_DIR}/Alamofire/Alamofire.framework",
				"${BUILT_PRODUCTS_DIR}/AlamofireImage/AlamofireImage.framework",
				"${BUILT_PRODUCTS_DIR}/ImagePicker/ImagePicker.framework",
				"${BUILT_PRODUCTS_DIR}/SwiftyJSON/SwiftyJSON.framework",
			);
			name = "[CP] Embed Pods Frameworks";
			outputPaths = (
				"${TARGET_BUILD_DIR}/${FRAMEWORKS_FOLDER_PATH}/Alamofire.framework",
				"${TARGET_BUILD_DIR}/${FRAMEWORKS_FOLDER_PATH}/AlamofireImage.framework",
				"${TARGET_BUILD_DIR}/${FRAMEWORKS_FOLDER_PATH}/ImagePicker.framework",
				"${TARGET_BUILD_DIR}/${FRAMEWORKS_FOLDER_PATH}/SwiftyJSON.framework",
			);
			runOnlyForDeploymentPostprocessing = 0;
			shellPath = /bin/sh;
			shellScript = "\"${SRCROOT}/Pods/Target Support Files/Pods-photography/Pods-photography-frameworks.sh\"\n";
			showEnvVarsInLog = 0;
		};
		EFA69E43AC75EFCE43EA22C6 /* [CP] Check Pods Manifest.lock */ = {
			isa = PBXShellScriptBuildPhase;
			buildActionMask = 2147483647;
			files = (
			);
			inputPaths = (
				"${PODS_PODFILE_DIR_PATH}/Podfile.lock",
				"${PODS_ROOT}/Manifest.lock",
			);
			name = "[CP] Check Pods Manifest.lock";
			outputPaths = (
				"$(DERIVED_FILE_DIR)/Pods-photography-checkManifestLockResult.txt",
			);
			runOnlyForDeploymentPostprocessing = 0;
			shellPath = /bin/sh;
			shellScript = "diff \"${PODS_PODFILE_DIR_PATH}/Podfile.lock\" \"${PODS_ROOT}/Manifest.lock\" > /dev/null\nif [ $? != 0 ] ; then\n    # print error to STDERR\n    echo \"error: The sandbox is not in sync with the Podfile.lock. Run 'pod install' or update your CocoaPods installation.\" >&2\n    exit 1\nfi\n# This output is used by Xcode 'outputs' to avoid re-running this script phase.\necho \"SUCCESS\" > \"${SCRIPT_OUTPUT_FILE_0}\"\n";
			showEnvVarsInLog = 0;
		};
/* End PBXShellScriptBuildPhase section */

/* Begin PBXSourcesBuildPhase section */
		0449A72021B2B0FA00FA9F60 /* Sources */ = {
			isa = PBXSourcesBuildPhase;
			buildActionMask = 2147483647;
			files = (
				0449A72A21B2B0FA00FA9F60 /* HomeViewController.swift in Sources */,
				04568BA621B2DCFB00BE02A9 /* imageCell.swift in Sources */,
				04568BA421B2C6E300BE02A9 /* api.swift in Sources */,
				0449A72821B2B0FA00FA9F60 /* AppDelegate.swift in Sources */,
				04568BA821B38D6200BE02A9 /* uploadImageViewController.swift in Sources */,
			);
			runOnlyForDeploymentPostprocessing = 0;
		};
/* End PBXSourcesBuildPhase section */

/* Begin PBXVariantGroup section */
		0449A72B21B2B0FA00FA9F60 /* Main.storyboard */ = {
			isa = PBXVariantGroup;
			children = (
				0449A72C21B2B0FA00FA9F60 /* Base */,
			);
			name = Main.storyboard;
			sourceTree = "<group>";
		};
		0449A73021B2B0FF00FA9F60 /* LaunchScreen.storyboard */ = {
			isa = PBXVariantGroup;
			children = (
				0449A73121B2B0FF00FA9F60 /* Base */,
			);
			name = LaunchScreen.storyboard;
			sourceTree = "<group>";
		};
/* End PBXVariantGroup section */

/* Begin XCBuildConfiguration section */
		0449A73421B2B0FF00FA9F60 /* Debug */ = {
			isa = XCBuildConfiguration;
			buildSettings = {
				ALWAYS_SEARCH_USER_PATHS = NO;
				CLANG_ANALYZER_NONNULL = YES;
				CLANG_ANALYZER_NUMBER_OBJECT_CONVERSION = YES_AGGRESSIVE;
				CLANG_CXX_LANGUAGE_STANDARD = "gnu++14";
				CLANG_CXX_LIBRARY = "libc++";
				CLANG_ENABLE_MODULES = YES;
				CLANG_ENABLE_OBJC_ARC = YES;
				CLANG_ENABLE_OBJC_WEAK = YES;
				CLANG_WARN_BLOCK_CAPTURE_AUTORELEASING = YES;
				CLANG_WARN_BOOL_CONVERSION = YES;
				CLANG_WARN_COMMA = YES;
				CLANG_WARN_CONSTANT_CONVERSION = YES;
				CLANG_WARN_DEPRECATED_OBJC_IMPLEMENTATIONS = YES;
				CLANG_WARN_DIRECT_OBJC_ISA_USAGE = YES_ERROR;
				CLANG_WARN_DOCUMENTATION_COMMENTS = YES;
				CLANG_WARN_EMPTY_BODY = YES;
				CLANG_WARN_ENUM_CONVERSION = YES;
				CLANG_WARN_INFINITE_RECURSION = YES;
				CLANG_WARN_INT_CONVERSION = YES;
				CLANG_WARN_NON_LITERAL_NULL_CONVERSION = YES;
				CLANG_WARN_OBJC_IMPLICIT_RETAIN_SELF = YES;
				CLANG_WARN_OBJC_LITERAL_CONVERSION = YES;
				CLANG_WARN_OBJC_ROOT_CLASS = YES_ERROR;
				CLANG_WARN_RANGE_LOOP_ANALYSIS = YES;
				CLANG_WARN_STRICT_PROTOTYPES = YES;
				CLANG_WARN_SUSPICIOUS_MOVE = YES;
				CLANG_WARN_UNGUARDED_AVAILABILITY = YES_AGGRESSIVE;
				CLANG_WARN_UNREACHABLE_CODE = YES;
				CLANG_WARN__DUPLICATE_METHOD_MATCH = YES;
				CODE_SIGN_IDENTITY = "iPhone Developer";
				COPY_PHASE_STRIP = NO;
				DEBUG_INFORMATION_FORMAT = dwarf;
				ENABLE_STRICT_OBJC_MSGSEND = YES;
				ENABLE_TESTABILITY = YES;
				GCC_C_LANGUAGE_STANDARD = gnu11;
				GCC_DYNAMIC_NO_PIC = NO;
				GCC_NO_COMMON_BLOCKS = YES;
				GCC_OPTIMIZATION_LEVEL = 0;
				GCC_PREPROCESSOR_DEFINITIONS = (
					"DEBUG=1",
					"$(inherited)",
				);
				GCC_WARN_64_TO_32_BIT_CONVERSION = YES;
				GCC_WARN_ABOUT_RETURN_TYPE = YES_ERROR;
				GCC_WARN_UNDECLARED_SELECTOR = YES;
				GCC_WARN_UNINITIALIZED_AUTOS = YES_AGGRESSIVE;
				GCC_WARN_UNUSED_FUNCTION = YES;
				GCC_WARN_UNUSED_VARIABLE = YES;
				IPHONEOS_DEPLOYMENT_TARGET = 11.4;
				MTL_ENABLE_DEBUG_INFO = YES;
				ONLY_ACTIVE_ARCH = YES;
				SDKROOT = iphoneos;
				SWIFT_ACTIVE_COMPILATION_CONDITIONS = DEBUG;
				SWIFT_OPTIMIZATION_LEVEL = "-Onone";
			};
			name = Debug;
		};
		0449A73521B2B0FF00FA9F60 /* Release */ = {
			isa = XCBuildConfiguration;
			buildSettings = {
				ALWAYS_SEARCH_USER_PATHS = NO;
				CLANG_ANALYZER_NONNULL = YES;
				CLANG_ANALYZER_NUMBER_OBJECT_CONVERSION = YES_AGGRESSIVE;
				CLANG_CXX_LANGUAGE_STANDARD = "gnu++14";
				CLANG_CXX_LIBRARY = "libc++";
				CLANG_ENABLE_MODULES = YES;
				CLANG_ENABLE_OBJC_ARC = YES;
				CLANG_ENABLE_OBJC_WEAK = YES;
				CLANG_WARN_BLOCK_CAPTURE_AUTORELEASING = YES;
				CLANG_WARN_BOOL_CONVERSION = YES;
				CLANG_WARN_COMMA = YES;
				CLANG_WARN_CONSTANT_CONVERSION = YES;
				CLANG_WARN_DEPRECATED_OBJC_IMPLEMENTATIONS = YES;
				CLANG_WARN_DIRECT_OBJC_ISA_USAGE = YES_ERROR;
				CLANG_WARN_DOCUMENTATION_COMMENTS = YES;
				CLANG_WARN_EMPTY_BODY = YES;
				CLANG_WARN_ENUM_CONVERSION = YES;
				CLANG_WARN_INFINITE_RECURSION = YES;
				CLANG_WARN_INT_CONVERSION = YES;
				CLANG_WARN_NON_LITERAL_NULL_CONVERSION = YES;
				CLANG_WARN_OBJC_IMPLICIT_RETAIN_SELF = YES;
				CLANG_WARN_OBJC_LITERAL_CONVERSION = YES;
				CLANG_WARN_OBJC_ROOT_CLASS = YES_ERROR;
				CLANG_WARN_RANGE_LOOP_ANALYSIS = YES;
				CLANG_WARN_STRICT_PROTOTYPES = YES;
				CLANG_WARN_SUSPICIOUS_MOVE = YES;
				CLANG_WARN_UNGUARDED_AVAILABILITY = YES_AGGRESSIVE;
				CLANG_WARN_UNREACHABLE_CODE = YES;
				CLANG_WARN__DUPLICATE_METHOD_MATCH = YES;
				CODE_SIGN_IDENTITY = "iPhone Developer";
				COPY_PHASE_STRIP = NO;
				DEBUG_INFORMATION_FORMAT = "dwarf-with-dsym";
				ENABLE_NS_ASSERTIONS = NO;
				ENABLE_STRICT_OBJC_MSGSEND = YES;
				GCC_C_LANGUAGE_STANDARD = gnu11;
				GCC_NO_COMMON_BLOCKS = YES;
				GCC_WARN_64_TO_32_BIT_CONVERSION = YES;
				GCC_WARN_ABOUT_RETURN_TYPE = YES_ERROR;
				GCC_WARN_UNDECLARED_SELECTOR = YES;
				GCC_WARN_UNINITIALIZED_AUTOS = YES_AGGRESSIVE;
				GCC_WARN_UNUSED_FUNCTION = YES;
				GCC_WARN_UNUSED_VARIABLE = YES;
				IPHONEOS_DEPLOYMENT_TARGET = 11.4;
				MTL_ENABLE_DEBUG_INFO = NO;
				SDKROOT = iphoneos;
				SWIFT_COMPILATION_MODE = wholemodule;
				SWIFT_OPTIMIZATION_LEVEL = "-O";
				VALIDATE_PRODUCT = YES;
			};
			name = Release;
		};
		0449A73721B2B0FF00FA9F60 /* Debug */ = {
			isa = XCBuildConfiguration;
			baseConfigurationReference = 0F04EC784CA9DB42934F0D40 /* Pods-photography.debug.xcconfig */;
			buildSettings = {
				ASSETCATALOG_COMPILER_APPICON_NAME = AppIcon;
				CODE_SIGN_STYLE = Automatic;
				DEVELOPMENT_TEAM = PP486X33A2;
				INFOPLIST_FILE = photography/Info.plist;
				LD_RUNPATH_SEARCH_PATHS = (
					"$(inherited)",
					"@executable_path/Frameworks",
				);
				PRODUCT_BUNDLE_IDENTIFIER = PitaStudio.photography;
				PRODUCT_NAME = "$(TARGET_NAME)";
				SWIFT_VERSION = 4.0;
				TARGETED_DEVICE_FAMILY = "1,2";
			};
			name = Debug;
		};
		0449A73821B2B0FF00FA9F60 /* Release */ = {
			isa = XCBuildConfiguration;
			baseConfigurationReference = 60072BFA69B0E9932AFD664E /* Pods-photography.release.xcconfig */;
			buildSettings = {
				ASSETCATALOG_COMPILER_APPICON_NAME = AppIcon;
				CODE_SIGN_STYLE = Automatic;
				DEVELOPMENT_TEAM = PP486X33A2;
				INFOPLIST_FILE = photography/Info.plist;
				LD_RUNPATH_SEARCH_PATHS = (
					"$(inherited)",
					"@executable_path/Frameworks",
				);
				PRODUCT_BUNDLE_IDENTIFIER = PitaStudio.photography;
				PRODUCT_NAME = "$(TARGET_NAME)";
				SWIFT_VERSION = 4.0;
				TARGETED_DEVICE_FAMILY = "1,2";
			};
			name = Release;
		};
/* End XCBuildConfiguration section */

/* Begin XCConfigurationList section */
		0449A71F21B2B0F900FA9F60 /* Build configuration list for PBXProject "photography" */ = {
			isa = XCConfigurationList;
			buildConfigurations = (
				0449A73421B2B0FF00FA9F60 /* Debug */,
				0449A73521B2B0FF00FA9F60 /* Release */,
			);
			defaultConfigurationIsVisible = 0;
			defaultConfigurationName = Release;
		};
		0449A73621B2B0FF00FA9F60 /* Build configuration list for PBXNativeTarget "photography" */ = {
			isa = XCConfigurationList;
			buildConfigurations = (
				0449A73721B2B0FF00FA9F60 /* Debug */,
				0449A73821B2B0FF00FA9F60 /* Release */,
			);
			defaultConfigurationIsVisible = 0;
			defaultConfigurationName = Release;
		};
/* End XCConfigurationList section */
	};
	rootObject = 0449A71C21B2B0F900FA9F60 /* Project object */;
}
